// !$*UTF8*$!
{
	archiveVersion = 1;
	classes = {
	};
	objectVersion = 50;
	objects = {

/* Begin PBXBuildFile section */
		D49940E622B5312C00AE1EA4 /* RVS_SwiftUISpinner_TestHarness_AppDelegate.swift in Sources */ = {isa = PBXBuildFile; fileRef = D49940E322B5312C00AE1EA4 /* RVS_SwiftUISpinner_TestHarness_AppDelegate.swift */; };
		D49940E722B5312C00AE1EA4 /* RVS_SwiftUISpinner_TestHarness_SceneDelegate.swift in Sources */ = {isa = PBXBuildFile; fileRef = D49940E422B5312C00AE1EA4 /* RVS_SwiftUISpinner_TestHarness_SceneDelegate.swift */; };
		D49940E822B5312C00AE1EA4 /* RVS_SwiftUISpinner_TestHarness_ContentView.swift in Sources */ = {isa = PBXBuildFile; fileRef = D49940E522B5312C00AE1EA4 /* RVS_SwiftUISpinner_TestHarness_ContentView.swift */; };
		D4CCA0DB22B52E2400FF2F35 /* RVS_SwiftUISpinner.h in Headers */ = {isa = PBXBuildFile; fileRef = D4CCA0D922B52E2400FF2F35 /* RVS_SwiftUISpinner.h */; settings = {ATTRIBUTES = (Public, ); }; };
		D4CCA0EE22B52EA600FF2F35 /* Assets.xcassets in Resources */ = {isa = PBXBuildFile; fileRef = D4CCA0ED22B52EA600FF2F35 /* Assets.xcassets */; };
		D4CCA0F122B52EA600FF2F35 /* Preview Assets.xcassets in Resources */ = {isa = PBXBuildFile; fileRef = D4CCA0F022B52EA600FF2F35 /* Preview Assets.xcassets */; };
		D4CCA0F422B52EA600FF2F35 /* LaunchScreen.storyboard in Resources */ = {isa = PBXBuildFile; fileRef = D4CCA0F222B52EA600FF2F35 /* LaunchScreen.storyboard */; };
/* End PBXBuildFile section */

/* Begin PBXFileReference section */
		107EF8F9D8B7CCA7A0D59852 /* Pods-RVS_SwiftUISpinner.release.xcconfig */ = {isa = PBXFileReference; includeInIndex = 1; lastKnownFileType = text.xcconfig; name = "Pods-RVS_SwiftUISpinner.release.xcconfig"; path = "Target Support Files/Pods-RVS_SwiftUISpinner/Pods-RVS_SwiftUISpinner.release.xcconfig"; sourceTree = "<group>"; };
		51D1C9F85D447AFEA5C43852 /* Pods-RVS_SwiftUISpinner.debug.xcconfig */ = {isa = PBXFileReference; includeInIndex = 1; lastKnownFileType = text.xcconfig; name = "Pods-RVS_SwiftUISpinner.debug.xcconfig"; path = "Target Support Files/Pods-RVS_SwiftUISpinner/Pods-RVS_SwiftUISpinner.debug.xcconfig"; sourceTree = "<group>"; };
		CE0307C05F43DF3FF2361F9B /* libPods-RVS_SwiftUISpinner.a */ = {isa = PBXFileReference; explicitFileType = archive.ar; includeInIndex = 0; path = "libPods-RVS_SwiftUISpinner.a"; sourceTree = BUILT_PRODUCTS_DIR; };
		D49940E322B5312C00AE1EA4 /* RVS_SwiftUISpinner_TestHarness_AppDelegate.swift */ = {isa = PBXFileReference; fileEncoding = 4; lastKnownFileType = sourcecode.swift; path = RVS_SwiftUISpinner_TestHarness_AppDelegate.swift; sourceTree = "<group>"; };
		D49940E422B5312C00AE1EA4 /* RVS_SwiftUISpinner_TestHarness_SceneDelegate.swift */ = {isa = PBXFileReference; fileEncoding = 4; lastKnownFileType = sourcecode.swift; path = RVS_SwiftUISpinner_TestHarness_SceneDelegate.swift; sourceTree = "<group>"; };
		D49940E522B5312C00AE1EA4 /* RVS_SwiftUISpinner_TestHarness_ContentView.swift */ = {isa = PBXFileReference; fileEncoding = 4; lastKnownFileType = sourcecode.swift; path = RVS_SwiftUISpinner_TestHarness_ContentView.swift; sourceTree = "<group>"; };
		D4CCA0D622B52E2400FF2F35 /* RVS_SwiftUISpinner.framework */ = {isa = PBXFileReference; explicitFileType = wrapper.framework; includeInIndex = 0; path = RVS_SwiftUISpinner.framework; sourceTree = BUILT_PRODUCTS_DIR; };
		D4CCA0D922B52E2400FF2F35 /* RVS_SwiftUISpinner.h */ = {isa = PBXFileReference; lastKnownFileType = sourcecode.c.h; path = RVS_SwiftUISpinner.h; sourceTree = "<group>"; };
		D4CCA0DA22B52E2400FF2F35 /* Info.plist */ = {isa = PBXFileReference; lastKnownFileType = text.plist.xml; path = Info.plist; sourceTree = "<group>"; };
		D4CCA0E522B52EA500FF2F35 /* RVS_SwiftUISpinner Test Harness.app */ = {isa = PBXFileReference; explicitFileType = wrapper.application; includeInIndex = 0; path = "RVS_SwiftUISpinner Test Harness.app"; sourceTree = BUILT_PRODUCTS_DIR; };
		D4CCA0ED22B52EA600FF2F35 /* Assets.xcassets */ = {isa = PBXFileReference; lastKnownFileType = folder.assetcatalog; path = Assets.xcassets; sourceTree = "<group>"; };
		D4CCA0F022B52EA600FF2F35 /* Preview Assets.xcassets */ = {isa = PBXFileReference; lastKnownFileType = folder.assetcatalog; path = "Preview Assets.xcassets"; sourceTree = "<group>"; };
		D4CCA0F322B52EA600FF2F35 /* Base */ = {isa = PBXFileReference; lastKnownFileType = file.storyboard; name = Base; path = Base.lproj/LaunchScreen.storyboard; sourceTree = "<group>"; };
		D4CCA0F522B52EA600FF2F35 /* Info.plist */ = {isa = PBXFileReference; lastKnownFileType = text.plist.xml; path = Info.plist; sourceTree = "<group>"; };
		D4CCA0F922B52F5A00FF2F35 /* RVS_SwiftUISpinner Test Harness-Bridging-Header.h */ = {isa = PBXFileReference; lastKnownFileType = sourcecode.c.h; path = "RVS_SwiftUISpinner Test Harness-Bridging-Header.h"; sourceTree = "<group>"; };
/* End PBXFileReference section */

/* Begin PBXFrameworksBuildPhase section */
		D4CCA0E222B52EA500FF2F35 /* Frameworks */ = {
			isa = PBXFrameworksBuildPhase;
			buildActionMask = 2147483647;
			files = (
			);
			runOnlyForDeploymentPostprocessing = 0;
		};
/* End PBXFrameworksBuildPhase section */

/* Begin PBXGroup section */
		609AB57BCCF74FA30BE01150 /* Frameworks */ = {
			isa = PBXGroup;
			children = (
				CE0307C05F43DF3FF2361F9B /* libPods-RVS_SwiftUISpinner.a */,
			);
			name = Frameworks;
			sourceTree = "<group>";
		};
		A29560EAECDCB3E7CE7AEB1F /* Pods */ = {
			isa = PBXGroup;
			children = (
				51D1C9F85D447AFEA5C43852 /* Pods-RVS_SwiftUISpinner.debug.xcconfig */,
				107EF8F9D8B7CCA7A0D59852 /* Pods-RVS_SwiftUISpinner.release.xcconfig */,
			);
			path = Pods;
			sourceTree = "<group>";
		};
		D4CCA0CC22B52E2400FF2F35 = {
			isa = PBXGroup;
			children = (
				D4CCA0D822B52E2400FF2F35 /* RVS_SwiftUISpinner */,
				D4CCA0E622B52EA500FF2F35 /* RVS_SwiftUISpinner Test Harness */,
				D4CCA0D722B52E2400FF2F35 /* Products */,
				A29560EAECDCB3E7CE7AEB1F /* Pods */,
				609AB57BCCF74FA30BE01150 /* Frameworks */,
			);
			sourceTree = "<group>";
		};
		D4CCA0D722B52E2400FF2F35 /* Products */ = {
			isa = PBXGroup;
			children = (
				D4CCA0D622B52E2400FF2F35 /* RVS_SwiftUISpinner.framework */,
				D4CCA0E522B52EA500FF2F35 /* RVS_SwiftUISpinner Test Harness.app */,
			);
			name = Products;
			sourceTree = "<group>";
		};
		D4CCA0D822B52E2400FF2F35 /* RVS_SwiftUISpinner */ = {
			isa = PBXGroup;
			children = (
				D4CCA0D922B52E2400FF2F35 /* RVS_SwiftUISpinner.h */,
				D4CCA0DA22B52E2400FF2F35 /* Info.plist */,
			);
			path = RVS_SwiftUISpinner;
			sourceTree = "<group>";
		};
		D4CCA0E622B52EA500FF2F35 /* RVS_SwiftUISpinner Test Harness */ = {
			isa = PBXGroup;
			children = (
				D49940E322B5312C00AE1EA4 /* RVS_SwiftUISpinner_TestHarness_AppDelegate.swift */,
				D49940E422B5312C00AE1EA4 /* RVS_SwiftUISpinner_TestHarness_SceneDelegate.swift */,
				D49940E522B5312C00AE1EA4 /* RVS_SwiftUISpinner_TestHarness_ContentView.swift */,
				D4CCA0ED22B52EA600FF2F35 /* Assets.xcassets */,
				D4CCA0F222B52EA600FF2F35 /* LaunchScreen.storyboard */,
				D4CCA0F522B52EA600FF2F35 /* Info.plist */,
				D4CCA0F922B52F5A00FF2F35 /* RVS_SwiftUISpinner Test Harness-Bridging-Header.h */,
				D4CCA0EF22B52EA600FF2F35 /* Preview Content */,
			);
			path = "RVS_SwiftUISpinner Test Harness";
			sourceTree = "<group>";
		};
		D4CCA0EF22B52EA600FF2F35 /* Preview Content */ = {
			isa = PBXGroup;
			children = (
				D4CCA0F022B52EA600FF2F35 /* Preview Assets.xcassets */,
			);
			path = "Preview Content";
			sourceTree = "<group>";
		};
/* End PBXGroup section */

/* Begin PBXHeadersBuildPhase section */
		D4CCA0D122B52E2400FF2F35 /* Headers */ = {
			isa = PBXHeadersBuildPhase;
			buildActionMask = 2147483647;
			files = (
				D4CCA0DB22B52E2400FF2F35 /* RVS_SwiftUISpinner.h in Headers */,
			);
			runOnlyForDeploymentPostprocessing = 0;
		};
/* End PBXHeadersBuildPhase section */

/* Begin PBXNativeTarget section */
		D4CCA0D522B52E2400FF2F35 /* RVS_SwiftUISpinner */ = {
			isa = PBXNativeTarget;
			buildConfigurationList = D4CCA0DE22B52E2400FF2F35 /* Build configuration list for PBXNativeTarget "RVS_SwiftUISpinner" */;
			buildPhases = (
				D4CCA0D122B52E2400FF2F35 /* Headers */,
				D4E2E47B22B53B3600D06BCF /* SwiftLINT */,
				D4CCA0D222B52E2400FF2F35 /* Sources */,
				D4CCA0D422B52E2400FF2F35 /* Resources */,
			);
			buildRules = (
			);
			dependencies = (
			);
			name = RVS_SwiftUISpinner;
			productName = RVS_SwiftUISpinner;
			productReference = D4CCA0D622B52E2400FF2F35 /* RVS_SwiftUISpinner.framework */;
			productType = "com.apple.product-type.framework";
		};
		D4CCA0E422B52EA500FF2F35 /* RVS_SwiftUISpinner Test Harness */ = {
			isa = PBXNativeTarget;
			buildConfigurationList = D4CCA0F622B52EA600FF2F35 /* Build configuration list for PBXNativeTarget "RVS_SwiftUISpinner Test Harness" */;
			buildPhases = (
				D4E2E47C22B53B6900D06BCF /* SwiftLINT */,
				D4CCA0E122B52EA500FF2F35 /* Sources */,
				D4CCA0E222B52EA500FF2F35 /* Frameworks */,
				D4CCA0E322B52EA500FF2F35 /* Resources */,
			);
			buildRules = (
			);
			dependencies = (
			);
			name = "RVS_SwiftUISpinner Test Harness";
			productName = "RVS_SwiftUISpinner Test Harness";
			productReference = D4CCA0E522B52EA500FF2F35 /* RVS_SwiftUISpinner Test Harness.app */;
			productType = "com.apple.product-type.application";
		};
/* End PBXNativeTarget section */

/* Begin PBXProject section */
		D4CCA0CD22B52E2400FF2F35 /* Project object */ = {
			isa = PBXProject;
			attributes = {
				LastSwiftUpdateCheck = 1100;
				LastUpgradeCheck = 1100;
				ORGANIZATIONNAME = "Rift Valley Software, Inc.";
				TargetAttributes = {
					D4CCA0D522B52E2400FF2F35 = {
						CreatedOnToolsVersion = 11.0;
					};
					D4CCA0E422B52EA500FF2F35 = {
						CreatedOnToolsVersion = 11.0;
						LastSwiftMigration = 1100;
					};
				};
			};
			buildConfigurationList = D4CCA0D022B52E2400FF2F35 /* Build configuration list for PBXProject "RVS_SwiftUISpinner" */;
			compatibilityVersion = "Xcode 9.3";
			developmentRegion = en;
			hasScannedForEncodings = 0;
			knownRegions = (
				en,
				Base,
			);
			mainGroup = D4CCA0CC22B52E2400FF2F35;
			productRefGroup = D4CCA0D722B52E2400FF2F35 /* Products */;
			projectDirPath = "";
			projectRoot = "";
			targets = (
				D4CCA0D522B52E2400FF2F35 /* RVS_SwiftUISpinner */,
				D4CCA0E422B52EA500FF2F35 /* RVS_SwiftUISpinner Test Harness */,
			);
		};
/* End PBXProject section */

/* Begin PBXResourcesBuildPhase section */
		D4CCA0D422B52E2400FF2F35 /* Resources */ = {
			isa = PBXResourcesBuildPhase;
			buildActionMask = 2147483647;
			files = (
			);
			runOnlyForDeploymentPostprocessing = 0;
		};
		D4CCA0E322B52EA500FF2F35 /* Resources */ = {
			isa = PBXResourcesBuildPhase;
			buildActionMask = 2147483647;
			files = (
				D4CCA0F422B52EA600FF2F35 /* LaunchScreen.storyboard in Resources */,
				D4CCA0F122B52EA600FF2F35 /* Preview Assets.xcassets in Resources */,
				D4CCA0EE22B52EA600FF2F35 /* Assets.xcassets in Resources */,
			);
			runOnlyForDeploymentPostprocessing = 0;
		};
/* End PBXResourcesBuildPhase section */

/* Begin PBXShellScriptBuildPhase section */
		D4E2E47B22B53B3600D06BCF /* SwiftLINT */ = {
			isa = PBXShellScriptBuildPhase;
			buildActionMask = 2147483647;
			files = (
			);
			inputFileListPaths = (
			);
			inputPaths = (
			);
			name = SwiftLINT;
			outputFileListPaths = (
			);
			outputPaths = (
			);
			runOnlyForDeploymentPostprocessing = 0;
			shellPath = /bin/sh;
			shellScript = "if test -f \"${PROJECT_DIR}/Pods/SwiftLint/swiftlint\"; then\n    \"${PROJECT_DIR}/Pods/SwiftLint/swiftlint\"\nfi\n";
		};
		D4E2E47C22B53B6900D06BCF /* SwiftLINT */ = {
			isa = PBXShellScriptBuildPhase;
			buildActionMask = 2147483647;
			files = (
			);
			inputFileListPaths = (
			);
			inputPaths = (
			);
			name = SwiftLINT;
			outputFileListPaths = (
			);
			outputPaths = (
			);
			runOnlyForDeploymentPostprocessing = 0;
			shellPath = /bin/sh;
			shellScript = "if test -f \"${PROJECT_DIR}/Pods/SwiftLint/swiftlint\"; then\n    \"${PROJECT_DIR}/Pods/SwiftLint/swiftlint\"\nfi\n";
		};
/* End PBXShellScriptBuildPhase section */

/* Begin PBXSourcesBuildPhase section */
		D4CCA0D222B52E2400FF2F35 /* Sources */ = {
			isa = PBXSourcesBuildPhase;
			buildActionMask = 2147483647;
			files = (
			);
			runOnlyForDeploymentPostprocessing = 0;
		};
		D4CCA0E122B52EA500FF2F35 /* Sources */ = {
			isa = PBXSourcesBuildPhase;
			buildActionMask = 2147483647;
			files = (
				D49940E822B5312C00AE1EA4 /* RVS_SwiftUISpinner_TestHarness_ContentView.swift in Sources */,
				D49940E722B5312C00AE1EA4 /* RVS_SwiftUISpinner_TestHarness_SceneDelegate.swift in Sources */,
				D49940E622B5312C00AE1EA4 /* RVS_SwiftUISpinner_TestHarness_AppDelegate.swift in Sources */,
			);
			runOnlyForDeploymentPostprocessing = 0;
		};
/* End PBXSourcesBuildPhase section */

/* Begin PBXVariantGroup section */
		D4CCA0F222B52EA600FF2F35 /* LaunchScreen.storyboard */ = {
			isa = PBXVariantGroup;
			children = (
				D4CCA0F322B52EA600FF2F35 /* Base */,
			);
			name = LaunchScreen.storyboard;
			sourceTree = "<group>";
		};
/* End PBXVariantGroup section */

/* Begin XCBuildConfiguration section */
		D4CCA0DC22B52E2400FF2F35 /* Debug */ = {
			isa = XCBuildConfiguration;
			buildSettings = {
				ALWAYS_SEARCH_USER_PATHS = NO;
				CLANG_ANALYZER_NONNULL = YES;
				CLANG_ANALYZER_NUMBER_OBJECT_CONVERSION = YES_AGGRESSIVE;
				CLANG_CXX_LANGUAGE_STANDARD = "gnu++14";
				CLANG_CXX_LIBRARY = "libc++";
				CLANG_ENABLE_MODULES = YES;
				CLANG_ENABLE_OBJC_ARC = YES;
				CLANG_ENABLE_OBJC_WEAK = YES;
				CLANG_WARN_BLOCK_CAPTURE_AUTORELEASING = YES;
				CLANG_WARN_BOOL_CONVERSION = YES;
				CLANG_WARN_COMMA = YES;
				CLANG_WARN_CONSTANT_CONVERSION = YES;
				CLANG_WARN_DEPRECATED_OBJC_IMPLEMENTATIONS = YES;
				CLANG_WARN_DIRECT_OBJC_ISA_USAGE = YES_ERROR;
				CLANG_WARN_DOCUMENTATION_COMMENTS = YES;
				CLANG_WARN_EMPTY_BODY = YES;
				CLANG_WARN_ENUM_CONVERSION = YES;
				CLANG_WARN_INFINITE_RECURSION = YES;
				CLANG_WARN_INT_CONVERSION = YES;
				CLANG_WARN_NON_LITERAL_NULL_CONVERSION = YES;
				CLANG_WARN_OBJC_IMPLICIT_RETAIN_SELF = YES;
				CLANG_WARN_OBJC_LITERAL_CONVERSION = YES;
				CLANG_WARN_OBJC_ROOT_CLASS = YES_ERROR;
				CLANG_WARN_RANGE_LOOP_ANALYSIS = YES;
				CLANG_WARN_STRICT_PROTOTYPES = YES;
				CLANG_WARN_SUSPICIOUS_MOVE = YES;
				CLANG_WARN_UNGUARDED_AVAILABILITY = YES_AGGRESSIVE;
				CLANG_WARN_UNREACHABLE_CODE = YES;
				CLANG_WARN__DUPLICATE_METHOD_MATCH = YES;
				COPY_PHASE_STRIP = NO;
				CURRENT_PROJECT_VERSION = 1;
				DEBUG_INFORMATION_FORMAT = dwarf;
				ENABLE_STRICT_OBJC_MSGSEND = YES;
				ENABLE_TESTABILITY = YES;
				GCC_C_LANGUAGE_STANDARD = gnu11;
				GCC_DYNAMIC_NO_PIC = NO;
				GCC_NO_COMMON_BLOCKS = YES;
				GCC_OPTIMIZATION_LEVEL = 0;
				GCC_PREPROCESSOR_DEFINITIONS = (
					"DEBUG=1",
					"$(inherited)",
				);
				GCC_WARN_64_TO_32_BIT_CONVERSION = YES;
				GCC_WARN_ABOUT_RETURN_TYPE = YES_ERROR;
				GCC_WARN_UNDECLARED_SELECTOR = YES;
				GCC_WARN_UNINITIALIZED_AUTOS = YES_AGGRESSIVE;
				GCC_WARN_UNUSED_FUNCTION = YES;
				GCC_WARN_UNUSED_VARIABLE = YES;
				IPHONEOS_DEPLOYMENT_TARGET = 13.0;
				MTL_ENABLE_DEBUG_INFO = INCLUDE_SOURCE;
				MTL_FAST_MATH = YES;
				ONLY_ACTIVE_ARCH = YES;
				SDKROOT = iphoneos;
				SWIFT_ACTIVE_COMPILATION_CONDITIONS = DEBUG;
				SWIFT_OPTIMIZATION_LEVEL = "-Onone";
				VERSIONING_SYSTEM = "apple-generic";
				VERSION_INFO_PREFIX = "";
			};
			name = Debug;
		};
		D4CCA0DD22B52E2400FF2F35 /* Release */ = {
			isa = XCBuildConfiguration;
			buildSettings = {
				ALWAYS_SEARCH_USER_PATHS = NO;
				CLANG_ANALYZER_NONNULL = YES;
				CLANG_ANALYZER_NUMBER_OBJECT_CONVERSION = YES_AGGRESSIVE;
				CLANG_CXX_LANGUAGE_STANDARD = "gnu++14";
				CLANG_CXX_LIBRARY = "libc++";
				CLANG_ENABLE_MODULES = YES;
				CLANG_ENABLE_OBJC_ARC = YES;
				CLANG_ENABLE_OBJC_WEAK = YES;
				CLANG_WARN_BLOCK_CAPTURE_AUTORELEASING = YES;
				CLANG_WARN_BOOL_CONVERSION = YES;
				CLANG_WARN_COMMA = YES;
				CLANG_WARN_CONSTANT_CONVERSION = YES;
				CLANG_WARN_DEPRECATED_OBJC_IMPLEMENTATIONS = YES;
				CLANG_WARN_DIRECT_OBJC_ISA_USAGE = YES_ERROR;
				CLANG_WARN_DOCUMENTATION_COMMENTS = YES;
				CLANG_WARN_EMPTY_BODY = YES;
				CLANG_WARN_ENUM_CONVERSION = YES;
				CLANG_WARN_INFINITE_RECURSION = YES;
				CLANG_WARN_INT_CONVERSION = YES;
				CLANG_WARN_NON_LITERAL_NULL_CONVERSION = YES;
				CLANG_WARN_OBJC_IMPLICIT_RETAIN_SELF = YES;
				CLANG_WARN_OBJC_LITERAL_CONVERSION = YES;
				CLANG_WARN_OBJC_ROOT_CLASS = YES_ERROR;
				CLANG_WARN_RANGE_LOOP_ANALYSIS = YES;
				CLANG_WARN_STRICT_PROTOTYPES = YES;
				CLANG_WARN_SUSPICIOUS_MOVE = YES;
				CLANG_WARN_UNGUARDED_AVAILABILITY = YES_AGGRESSIVE;
				CLANG_WARN_UNREACHABLE_CODE = YES;
				CLANG_WARN__DUPLICATE_METHOD_MATCH = YES;
				COPY_PHASE_STRIP = NO;
				CURRENT_PROJECT_VERSION = 1;
				DEBUG_INFORMATION_FORMAT = "dwarf-with-dsym";
				ENABLE_NS_ASSERTIONS = NO;
				ENABLE_STRICT_OBJC_MSGSEND = YES;
				GCC_C_LANGUAGE_STANDARD = gnu11;
				GCC_NO_COMMON_BLOCKS = YES;
				GCC_WARN_64_TO_32_BIT_CONVERSION = YES;
				GCC_WARN_ABOUT_RETURN_TYPE = YES_ERROR;
				GCC_WARN_UNDECLARED_SELECTOR = YES;
				GCC_WARN_UNINITIALIZED_AUTOS = YES_AGGRESSIVE;
				GCC_WARN_UNUSED_FUNCTION = YES;
				GCC_WARN_UNUSED_VARIABLE = YES;
				IPHONEOS_DEPLOYMENT_TARGET = 13.0;
				MTL_ENABLE_DEBUG_INFO = NO;
				MTL_FAST_MATH = YES;
				SDKROOT = iphoneos;
				SWIFT_COMPILATION_MODE = wholemodule;
				SWIFT_OPTIMIZATION_LEVEL = "-O";
				VALIDATE_PRODUCT = YES;
				VERSIONING_SYSTEM = "apple-generic";
				VERSION_INFO_PREFIX = "";
			};
			name = Release;
		};
		D4CCA0DF22B52E2400FF2F35 /* Debug */ = {
			isa = XCBuildConfiguration;
			baseConfigurationReference = 51D1C9F85D447AFEA5C43852 /* Pods-RVS_SwiftUISpinner.debug.xcconfig */;
			buildSettings = {
				CODE_SIGN_STYLE = Automatic;
				DEFINES_MODULE = YES;
				DEVELOPMENT_TEAM = KSAUGZFWP2;
				DYLIB_COMPATIBILITY_VERSION = 1;
				DYLIB_CURRENT_VERSION = 1;
				DYLIB_INSTALL_NAME_BASE = "@rpath";
				INFOPLIST_FILE = RVS_SwiftUISpinner/Info.plist;
				INSTALL_PATH = "$(LOCAL_LIBRARY_DIR)/Frameworks";
				LD_RUNPATH_SEARCH_PATHS = (
					"$(inherited)",
					"@executable_path/Frameworks",
					"@loader_path/Frameworks",
				);
				PRODUCT_BUNDLE_IDENTIFIER = "RVS.RVS-SwiftUISpinner";
				PRODUCT_NAME = "$(TARGET_NAME:c99extidentifier)";
				SKIP_INSTALL = YES;
				SWIFT_VERSION = 5.0;
				TARGETED_DEVICE_FAMILY = "1,2";
			};
			name = Debug;
		};
		D4CCA0E022B52E2400FF2F35 /* Release */ = {
			isa = XCBuildConfiguration;
			baseConfigurationReference = 107EF8F9D8B7CCA7A0D59852 /* Pods-RVS_SwiftUISpinner.release.xcconfig */;
			buildSettings = {
				CODE_SIGN_STYLE = Automatic;
				DEFINES_MODULE = YES;
				DEVELOPMENT_TEAM = KSAUGZFWP2;
				DYLIB_COMPATIBILITY_VERSION = 1;
				DYLIB_CURRENT_VERSION = 1;
				DYLIB_INSTALL_NAME_BASE = "@rpath";
				INFOPLIST_FILE = RVS_SwiftUISpinner/Info.plist;
				INSTALL_PATH = "$(LOCAL_LIBRARY_DIR)/Frameworks";
				LD_RUNPATH_SEARCH_PATHS = (
					"$(inherited)",
					"@executable_path/Frameworks",
					"@loader_path/Frameworks",
				);
				PRODUCT_BUNDLE_IDENTIFIER = "RVS.RVS-SwiftUISpinner";
				PRODUCT_NAME = "$(TARGET_NAME:c99extidentifier)";
				SKIP_INSTALL = YES;
				SWIFT_VERSION = 5.0;
				TARGETED_DEVICE_FAMILY = "1,2";
			};
			name = Release;
		};
		D4CCA0F722B52EA600FF2F35 /* Debug */ = {
			isa = XCBuildConfiguration;
			buildSettings = {
				ASSETCATALOG_COMPILER_APPICON_NAME = AppIcon;
				CLANG_ENABLE_MODULES = YES;
				CODE_SIGN_IDENTITY = "iPhone Developer";
				CODE_SIGN_STYLE = Automatic;
				DEVELOPMENT_ASSET_PATHS = "\"RVS_SwiftUISpinner Test Harness\"/Preview\\ Content";
				DEVELOPMENT_TEAM = KSAUGZFWP2;
				ENABLE_PREVIEWS = YES;
				INFOPLIST_FILE = "RVS_SwiftUISpinner Test Harness/Info.plist";
				LD_RUNPATH_SEARCH_PATHS = (
					"$(inherited)",
					"@executable_path/Frameworks",
				);
				PRODUCT_BUNDLE_IDENTIFIER = "RVS.RVS-SwiftUISpinner-Test-Harness";
				PRODUCT_NAME = "$(TARGET_NAME)";
				PROVISIONING_PROFILE_SPECIFIER = "";
				SWIFT_OBJC_BRIDGING_HEADER = "RVS_SwiftUISpinner Test Harness/RVS_SwiftUISpinner Test Harness-Bridging-Header.h";
				SWIFT_OPTIMIZATION_LEVEL = "-Onone";
				SWIFT_VERSION = 5.0;
				TARGETED_DEVICE_FAMILY = "1,2";
			};
			name = Debug;
		};
		D4CCA0F822B52EA600FF2F35 /* Release */ = {
			isa = XCBuildConfiguration;
			buildSettings = {
				ASSETCATALOG_COMPILER_APPICON_NAME = AppIcon;
				CLANG_ENABLE_MODULES = YES;
				CODE_SIGN_IDENTITY = "iPhone Developer";
				CODE_SIGN_STYLE = Automatic;
				DEVELOPMENT_ASSET_PATHS = "\"RVS_SwiftUISpinner Test Harness\"/Preview\\ Content";
				DEVELOPMENT_TEAM = KSAUGZFWP2;
				ENABLE_PREVIEWS = YES;
				INFOPLIST_FILE = "RVS_SwiftUISpinner Test Harness/Info.plist";
				LD_RUNPATH_SEARCH_PATHS = (
					"$(inherited)",
					"@executable_path/Frameworks",
				);
				PRODUCT_BUNDLE_IDENTIFIER = "RVS.RVS-SwiftUISpinner-Test-Harness";
				PRODUCT_NAME = "$(TARGET_NAME)";
				PROVISIONING_PROFILE_SPECIFIER = "";
				SWIFT_OBJC_BRIDGING_HEADER = "RVS_SwiftUISpinner Test Harness/RVS_SwiftUISpinner Test Harness-Bridging-Header.h";
				SWIFT_VERSION = 5.0;
				TARGETED_DEVICE_FAMILY = "1,2";
			};
			name = Release;
		};
/* End XCBuildConfiguration section */

/* Begin XCConfigurationList section */
		D4CCA0D022B52E2400FF2F35 /* Build configuration list for PBXProject "RVS_SwiftUISpinner" */ = {
			isa = XCConfigurationList;
			buildConfigurations = (
				D4CCA0DC22B52E2400FF2F35 /* Debug */,
				D4CCA0DD22B52E2400FF2F35 /* Release */,
			);
			defaultConfigurationIsVisible = 0;
			defaultConfigurationName = Release;
		};
		D4CCA0DE22B52E2400FF2F35 /* Build configuration list for PBXNativeTarget "RVS_SwiftUISpinner" */ = {
			isa = XCConfigurationList;
			buildConfigurations = (
				D4CCA0DF22B52E2400FF2F35 /* Debug */,
				D4CCA0E022B52E2400FF2F35 /* Release */,
			);
			defaultConfigurationIsVisible = 0;
			defaultConfigurationName = Release;
		};
		D4CCA0F622B52EA600FF2F35 /* Build configuration list for PBXNativeTarget "RVS_SwiftUISpinner Test Harness" */ = {
			isa = XCConfigurationList;
			buildConfigurations = (
				D4CCA0F722B52EA600FF2F35 /* Debug */,
				D4CCA0F822B52EA600FF2F35 /* Release */,
			);
			defaultConfigurationIsVisible = 0;
			defaultConfigurationName = Release;
		};
/* End XCConfigurationList section */
	};
	rootObject = D4CCA0CD22B52E2400FF2F35 /* Project object */;
}
