// !$*UTF8*$!
{
	archiveVersion = 1;
	classes = {
	};
	objectVersion = 50;
	objects = {

/* Begin PBXBuildFile section */
		D4A60B8322B444170032367D /* AppDelegate.swift in Sources */ = {isa = PBXBuildFile; fileRef = D4A60B8222B444170032367D /* AppDelegate.swift */; };
		D4A60B8522B444170032367D /* SceneDelegate.swift in Sources */ = {isa = PBXBuildFile; fileRef = D4A60B8422B444170032367D /* SceneDelegate.swift */; };
		D4A60B8722B444170032367D /* ContentView.swift in Sources */ = {isa = PBXBuildFile; fileRef = D4A60B8622B444170032367D /* ContentView.swift */; };
		D4A60B8922B444180032367D /* Assets.xcassets in Resources */ = {isa = PBXBuildFile; fileRef = D4A60B8822B444180032367D /* Assets.xcassets */; };
		D4A60B8C22B444180032367D /* Preview Assets.xcassets in Resources */ = {isa = PBXBuildFile; fileRef = D4A60B8B22B444180032367D /* Preview Assets.xcassets */; };
		D4A60B8F22B444180032367D /* LaunchScreen.storyboard in Resources */ = {isa = PBXBuildFile; fileRef = D4A60B8D22B444180032367D /* LaunchScreen.storyboard */; };
/* End PBXBuildFile section */

/* Begin PBXFileReference section */
		D4A60B7F22B444170032367D /* RVS_SwiftUISpinner.app */ = {isa = PBXFileReference; explicitFileType = wrapper.application; includeInIndex = 0; path = RVS_SwiftUISpinner.app; sourceTree = BUILT_PRODUCTS_DIR; };
		D4A60B8222B444170032367D /* AppDelegate.swift */ = {isa = PBXFileReference; lastKnownFileType = sourcecode.swift; path = AppDelegate.swift; sourceTree = "<group>"; };
		D4A60B8422B444170032367D /* SceneDelegate.swift */ = {isa = PBXFileReference; lastKnownFileType = sourcecode.swift; path = SceneDelegate.swift; sourceTree = "<group>"; };
		D4A60B8622B444170032367D /* ContentView.swift */ = {isa = PBXFileReference; lastKnownFileType = sourcecode.swift; path = ContentView.swift; sourceTree = "<group>"; };
		D4A60B8822B444180032367D /* Assets.xcassets */ = {isa = PBXFileReference; lastKnownFileType = folder.assetcatalog; path = Assets.xcassets; sourceTree = "<group>"; };
		D4A60B8B22B444180032367D /* Preview Assets.xcassets */ = {isa = PBXFileReference; lastKnownFileType = folder.assetcatalog; path = "Preview Assets.xcassets"; sourceTree = "<group>"; };
		D4A60B8E22B444180032367D /* Base */ = {isa = PBXFileReference; lastKnownFileType = file.storyboard; name = Base; path = Base.lproj/LaunchScreen.storyboard; sourceTree = "<group>"; };
		D4A60B9022B444180032367D /* Info.plist */ = {isa = PBXFileReference; lastKnownFileType = text.plist.xml; path = Info.plist; sourceTree = "<group>"; };
/* End PBXFileReference section */

/* Begin PBXFrameworksBuildPhase section */
		D4A60B7C22B444170032367D /* Frameworks */ = {
			isa = PBXFrameworksBuildPhase;
			buildActionMask = 2147483647;
			files = (
			);
			runOnlyForDeploymentPostprocessing = 0;
		};
/* End PBXFrameworksBuildPhase section */

/* Begin PBXGroup section */
		D4A60B7622B444170032367D = {
			isa = PBXGroup;
			children = (
				D4A60B8122B444170032367D /* RVS_SwiftUISpinner */,
				D4A60B8022B444170032367D /* Products */,
			);
			sourceTree = "<group>";
		};
		D4A60B8022B444170032367D /* Products */ = {
			isa = PBXGroup;
			children = (
				D4A60B7F22B444170032367D /* RVS_SwiftUISpinner.app */,
			);
			name = Products;
			sourceTree = "<group>";
		};
		D4A60B8122B444170032367D /* RVS_SwiftUISpinner */ = {
			isa = PBXGroup;
			children = (
				D4A60B8222B444170032367D /* AppDelegate.swift */,
				D4A60B8422B444170032367D /* SceneDelegate.swift */,
				D4A60B8622B444170032367D /* ContentView.swift */,
				D4A60B8822B444180032367D /* Assets.xcassets */,
				D4A60B8D22B444180032367D /* LaunchScreen.storyboard */,
				D4A60B9022B444180032367D /* Info.plist */,
				D4A60B8A22B444180032367D /* Preview Content */,
			);
			path = RVS_SwiftUISpinner;
			sourceTree = "<group>";
		};
		D4A60B8A22B444180032367D /* Preview Content */ = {
			isa = PBXGroup;
			children = (
				D4A60B8B22B444180032367D /* Preview Assets.xcassets */,
			);
			path = "Preview Content";
			sourceTree = "<group>";
		};
/* End PBXGroup section */

/* Begin PBXNativeTarget section */
		D4A60B7E22B444170032367D /* RVS_SwiftUISpinner */ = {
			isa = PBXNativeTarget;
			buildConfigurationList = D4A60B9322B444180032367D /* Build configuration list for PBXNativeTarget "RVS_SwiftUISpinner" */;
			buildPhases = (
				D4A60B7B22B444170032367D /* Sources */,
				D4A60B7C22B444170032367D /* Frameworks */,
				D4A60B7D22B444170032367D /* Resources */,
			);
			buildRules = (
			);
			dependencies = (
			);
			name = RVS_SwiftUISpinner;
			productName = RVS_SwiftUISpinner;
			productReference = D4A60B7F22B444170032367D /* RVS_SwiftUISpinner.app */;
			productType = "com.apple.product-type.application";
		};
/* End PBXNativeTarget section */

/* Begin PBXProject section */
		D4A60B7722B444170032367D /* Project object */ = {
			isa = PBXProject;
			attributes = {
				LastSwiftUpdateCheck = 1100;
				LastUpgradeCheck = 1100;
				ORGANIZATIONNAME = "Rift Valley Software, Inc.";
				TargetAttributes = {
					D4A60B7E22B444170032367D = {
						CreatedOnToolsVersion = 11.0;
					};
				};
			};
			buildConfigurationList = D4A60B7A22B444170032367D /* Build configuration list for PBXProject "RVS_SwiftUISpinner" */;
			compatibilityVersion = "Xcode 9.3";
			developmentRegion = en;
			hasScannedForEncodings = 0;
			knownRegions = (
				en,
				Base,
			);
			mainGroup = D4A60B7622B444170032367D;
			productRefGroup = D4A60B8022B444170032367D /* Products */;
			projectDirPath = "";
			projectRoot = "";
			targets = (
				D4A60B7E22B444170032367D /* RVS_SwiftUISpinner */,
			);
		};
/* End PBXProject section */

/* Begin PBXResourcesBuildPhase section */
		D4A60B7D22B444170032367D /* Resources */ = {
			isa = PBXResourcesBuildPhase;
			buildActionMask = 2147483647;
			files = (
				D4A60B8F22B444180032367D /* LaunchScreen.storyboard in Resources */,
				D4A60B8C22B444180032367D /* Preview Assets.xcassets in Resources */,
				D4A60B8922B444180032367D /* Assets.xcassets in Resources */,
			);
			runOnlyForDeploymentPostprocessing = 0;
		};
/* End PBXResourcesBuildPhase section */

/* Begin PBXSourcesBuildPhase section */
		D4A60B7B22B444170032367D /* Sources */ = {
			isa = PBXSourcesBuildPhase;
			buildActionMask = 2147483647;
			files = (
				D4A60B8322B444170032367D /* AppDelegate.swift in Sources */,
				D4A60B8522B444170032367D /* SceneDelegate.swift in Sources */,
				D4A60B8722B444170032367D /* ContentView.swift in Sources */,
			);
			runOnlyForDeploymentPostprocessing = 0;
		};
/* End PBXSourcesBuildPhase section */

/* Begin PBXVariantGroup section */
		D4A60B8D22B444180032367D /* LaunchScreen.storyboard */ = {
			isa = PBXVariantGroup;
			children = (
				D4A60B8E22B444180032367D /* Base */,
			);
			name = LaunchScreen.storyboard;
			sourceTree = "<group>";
		};
/* End PBXVariantGroup section */

/* Begin XCBuildConfiguration section */
		D4A60B9122B444180032367D /* Debug */ = {
			isa = XCBuildConfiguration;
			buildSettings = {
				ALWAYS_SEARCH_USER_PATHS = NO;
				CLANG_ANALYZER_NONNULL = YES;
				CLANG_ANALYZER_NUMBER_OBJECT_CONVERSION = YES_AGGRESSIVE;
				CLANG_CXX_LANGUAGE_STANDARD = "gnu++14";
				CLANG_CXX_LIBRARY = "libc++";
				CLANG_ENABLE_MODULES = YES;
				CLANG_ENABLE_OBJC_ARC = YES;
				CLANG_ENABLE_OBJC_WEAK = YES;
				CLANG_WARN_BLOCK_CAPTURE_AUTORELEASING = YES;
				CLANG_WARN_BOOL_CONVERSION = YES;
				CLANG_WARN_COMMA = YES;
				CLANG_WARN_CONSTANT_CONVERSION = YES;
				CLANG_WARN_DEPRECATED_OBJC_IMPLEMENTATIONS = YES;
				CLANG_WARN_DIRECT_OBJC_ISA_USAGE = YES_ERROR;
				CLANG_WARN_DOCUMENTATION_COMMENTS = YES;
				CLANG_WARN_EMPTY_BODY = YES;
				CLANG_WARN_ENUM_CONVERSION = YES;
				CLANG_WARN_INFINITE_RECURSION = YES;
				CLANG_WARN_INT_CONVERSION = YES;
				CLANG_WARN_NON_LITERAL_NULL_CONVERSION = YES;
				CLANG_WARN_OBJC_IMPLICIT_RETAIN_SELF = YES;
				CLANG_WARN_OBJC_LITERAL_CONVERSION = YES;
				CLANG_WARN_OBJC_ROOT_CLASS = YES_ERROR;
				CLANG_WARN_RANGE_LOOP_ANALYSIS = YES;
				CLANG_WARN_STRICT_PROTOTYPES = YES;
				CLANG_WARN_SUSPICIOUS_MOVE = YES;
				CLANG_WARN_UNGUARDED_AVAILABILITY = YES_AGGRESSIVE;
				CLANG_WARN_UNREACHABLE_CODE = YES;
				CLANG_WARN__DUPLICATE_METHOD_MATCH = YES;
				COPY_PHASE_STRIP = NO;
				DEBUG_INFORMATION_FORMAT = dwarf;
				ENABLE_STRICT_OBJC_MSGSEND = YES;
				ENABLE_TESTABILITY = YES;
				GCC_C_LANGUAGE_STANDARD = gnu11;
				GCC_DYNAMIC_NO_PIC = NO;
				GCC_NO_COMMON_BLOCKS = YES;
				GCC_OPTIMIZATION_LEVEL = 0;
				GCC_PREPROCESSOR_DEFINITIONS = (
					"DEBUG=1",
					"$(inherited)",
				);
				GCC_WARN_64_TO_32_BIT_CONVERSION = YES;
				GCC_WARN_ABOUT_RETURN_TYPE = YES_ERROR;
				GCC_WARN_UNDECLARED_SELECTOR = YES;
				GCC_WARN_UNINITIALIZED_AUTOS = YES_AGGRESSIVE;
				GCC_WARN_UNUSED_FUNCTION = YES;
				GCC_WARN_UNUSED_VARIABLE = YES;
				IPHONEOS_DEPLOYMENT_TARGET = 13.0;
				MTL_ENABLE_DEBUG_INFO = INCLUDE_SOURCE;
				MTL_FAST_MATH = YES;
				ONLY_ACTIVE_ARCH = YES;
				SDKROOT = iphoneos;
				SWIFT_ACTIVE_COMPILATION_CONDITIONS = DEBUG;
				SWIFT_OPTIMIZATION_LEVEL = "-Onone";
			};
			name = Debug;
		};
		D4A60B9222B444180032367D /* Release */ = {
			isa = XCBuildConfiguration;
			buildSettings = {
				ALWAYS_SEARCH_USER_PATHS = NO;
				CLANG_ANALYZER_NONNULL = YES;
				CLANG_ANALYZER_NUMBER_OBJECT_CONVERSION = YES_AGGRESSIVE;
				CLANG_CXX_LANGUAGE_STANDARD = "gnu++14";
				CLANG_CXX_LIBRARY = "libc++";
				CLANG_ENABLE_MODULES = YES;
				CLANG_ENABLE_OBJC_ARC = YES;
				CLANG_ENABLE_OBJC_WEAK = YES;
				CLANG_WARN_BLOCK_CAPTURE_AUTORELEASING = YES;
				CLANG_WARN_BOOL_CONVERSION = YES;
				CLANG_WARN_COMMA = YES;
				CLANG_WARN_CONSTANT_CONVERSION = YES;
				CLANG_WARN_DEPRECATED_OBJC_IMPLEMENTATIONS = YES;
				CLANG_WARN_DIRECT_OBJC_ISA_USAGE = YES_ERROR;
				CLANG_WARN_DOCUMENTATION_COMMENTS = YES;
				CLANG_WARN_EMPTY_BODY = YES;
				CLANG_WARN_ENUM_CONVERSION = YES;
				CLANG_WARN_INFINITE_RECURSION = YES;
				CLANG_WARN_INT_CONVERSION = YES;
				CLANG_WARN_NON_LITERAL_NULL_CONVERSION = YES;
				CLANG_WARN_OBJC_IMPLICIT_RETAIN_SELF = YES;
				CLANG_WARN_OBJC_LITERAL_CONVERSION = YES;
				CLANG_WARN_OBJC_ROOT_CLASS = YES_ERROR;
				CLANG_WARN_RANGE_LOOP_ANALYSIS = YES;
				CLANG_WARN_STRICT_PROTOTYPES = YES;
				CLANG_WARN_SUSPICIOUS_MOVE = YES;
				CLANG_WARN_UNGUARDED_AVAILABILITY = YES_AGGRESSIVE;
				CLANG_WARN_UNREACHABLE_CODE = YES;
				CLANG_WARN__DUPLICATE_METHOD_MATCH = YES;
				COPY_PHASE_STRIP = NO;
				DEBUG_INFORMATION_FORMAT = "dwarf-with-dsym";
				ENABLE_NS_ASSERTIONS = NO;
				ENABLE_STRICT_OBJC_MSGSEND = YES;
				GCC_C_LANGUAGE_STANDARD = gnu11;
				GCC_NO_COMMON_BLOCKS = YES;
				GCC_WARN_64_TO_32_BIT_CONVERSION = YES;
				GCC_WARN_ABOUT_RETURN_TYPE = YES_ERROR;
				GCC_WARN_UNDECLARED_SELECTOR = YES;
				GCC_WARN_UNINITIALIZED_AUTOS = YES_AGGRESSIVE;
				GCC_WARN_UNUSED_FUNCTION = YES;
				GCC_WARN_UNUSED_VARIABLE = YES;
				IPHONEOS_DEPLOYMENT_TARGET = 13.0;
				MTL_ENABLE_DEBUG_INFO = NO;
				MTL_FAST_MATH = YES;
				SDKROOT = iphoneos;
				SWIFT_COMPILATION_MODE = wholemodule;
				SWIFT_OPTIMIZATION_LEVEL = "-O";
				VALIDATE_PRODUCT = YES;
			};
			name = Release;
		};
		D4A60B9422B444180032367D /* Debug */ = {
			isa = XCBuildConfiguration;
			buildSettings = {
				ASSETCATALOG_COMPILER_APPICON_NAME = AppIcon;
				CODE_SIGN_STYLE = Automatic;
				DEVELOPMENT_ASSET_PATHS = "RVS_SwiftUISpinner/Preview\\ Content";
				DEVELOPMENT_TEAM = KSAUGZFWP2;
				ENABLE_PREVIEWS = YES;
				INFOPLIST_FILE = RVS_SwiftUISpinner/Info.plist;
				LD_RUNPATH_SEARCH_PATHS = (
					"$(inherited)",
					"@executable_path/Frameworks",
				);
				PRODUCT_BUNDLE_IDENTIFIER = "RVS.RVS-SwiftUISpinner";
				PRODUCT_NAME = "$(TARGET_NAME)";
				SWIFT_VERSION = 5.0;
				TARGETED_DEVICE_FAMILY = "1,2";
			};
			name = Debug;
		};
		D4A60B9522B444180032367D /* Release */ = {
			isa = XCBuildConfiguration;
			buildSettings = {
				ASSETCATALOG_COMPILER_APPICON_NAME = AppIcon;
				CODE_SIGN_STYLE = Automatic;
				DEVELOPMENT_ASSET_PATHS = "RVS_SwiftUISpinner/Preview\\ Content";
				DEVELOPMENT_TEAM = KSAUGZFWP2;
				ENABLE_PREVIEWS = YES;
				INFOPLIST_FILE = RVS_SwiftUISpinner/Info.plist;
				LD_RUNPATH_SEARCH_PATHS = (
					"$(inherited)",
					"@executable_path/Frameworks",
				);
				PRODUCT_BUNDLE_IDENTIFIER = "RVS.RVS-SwiftUISpinner";
				PRODUCT_NAME = "$(TARGET_NAME)";
				SWIFT_VERSION = 5.0;
				TARGETED_DEVICE_FAMILY = "1,2";
			};
			name = Release;
		};
/* End XCBuildConfiguration section */

/* Begin XCConfigurationList section */
		D4A60B7A22B444170032367D /* Build configuration list for PBXProject "RVS_SwiftUISpinner" */ = {
			isa = XCConfigurationList;
			buildConfigurations = (
				D4A60B9122B444180032367D /* Debug */,
				D4A60B9222B444180032367D /* Release */,
			);
			defaultConfigurationIsVisible = 0;
			defaultConfigurationName = Release;
		};
		D4A60B9322B444180032367D /* Build configuration list for PBXNativeTarget "RVS_SwiftUISpinner" */ = {
			isa = XCConfigurationList;
			buildConfigurations = (
				D4A60B9422B444180032367D /* Debug */,
				D4A60B9522B444180032367D /* Release */,
			);
			defaultConfigurationIsVisible = 0;
			defaultConfigurationName = Release;
		};
/* End XCConfigurationList section */
	};
	rootObject = D4A60B7722B444170032367D /* Project object */;
}
